
Microsoft Visual Studio Solution File, Format Version 11.00
# Visual Studio 2010
Project("{FAE04EC0-301F-11D3-BF4B-00C04F79EFBC}") = "Common.Android", "src\Engine\Common\Common.Android.csproj", "{A460FCA4-282B-4466-B5AF-459AF20C513E}"
	ProjectSection(ProjectDependencies) = postProject
		{8F6641E7-0E72-44BA-95CB-85D4E4F04108} = {8F6641E7-0E72-44BA-95CB-85D4E4F04108}
	EndProjectSection
EndProject
Project("{2150E333-8FDC-42A3-9474-1A3956D46DE8}") = "Math", "Math", "{13B4265D-2AE3-4385-9E40-F1445B0CA97A}"
EndProject
Project("{FAE04EC0-301F-11D3-BF4B-00C04F79EFBC}") = "Math.Core.Android", "src\Math\Core\Math.Core.Android.csproj", "{8F6641E7-0E72-44BA-95CB-85D4E4F04108}"
EndProject
Project("{FAE04EC0-301F-11D3-BF4B-00C04F79EFBC}") = "Core.Android", "src\Engine\Core\Core.Android.csproj", "{6B2C3C87-5022-4CCA-B330-41743D0FE4B4}"
	ProjectSection(ProjectDependencies) = postProject
		{A460FCA4-282B-4466-B5AF-459AF20C513E} = {A460FCA4-282B-4466-B5AF-459AF20C513E}
		{D35FFFE1-ED36-4B11-ACBE-497094136303} = {D35FFFE1-ED36-4B11-ACBE-497094136303}
	EndProjectSection
EndProject
Project("{2150E333-8FDC-42A3-9474-1A3956D46DE8}") = "Imp", "Imp", "{0321D8D6-5483-4227-B22D-068326124F35}"
EndProject
Project("{2150E333-8FDC-42A3-9474-1A3956D46DE8}") = "Graphics", "Graphics", "{953E6B22-B972-4D5E-92A7-4594A99D0456}"
EndProject
Project("{FAE04EC0-301F-11D3-BF4B-00C04F79EFBC}") = "OpenTK.Android", "src\Engine\Imp\OpenTK\OpenTK.Android.csproj", "{77932310-8656-432A-85B7-1386B01E0CC6}"
	ProjectSection(ProjectDependencies) = postProject
		{A460FCA4-282B-4466-B5AF-459AF20C513E} = {A460FCA4-282B-4466-B5AF-459AF20C513E}
		{8F6641E7-0E72-44BA-95CB-85D4E4F04108} = {8F6641E7-0E72-44BA-95CB-85D4E4F04108}
	EndProjectSection
EndProject
Project("{2150E333-8FDC-42A3-9474-1A3956D46DE8}") = "Examples", "Examples", "{377DCA60-1E34-4B72-963C-C26D73830CDB}"
EndProject
Project("{FAE04EC0-301F-11D3-BF4B-00C04F79EFBC}") = "CubeAndTiles.Android", "src\Engine\Examples\CubeAndTiles\CubeAndTiles.Android.csproj", "{054D1A2C-FD66-482B-A103-6AFFE2A94D3E}"
	ProjectSection(ProjectDependencies) = postProject
		{77932310-8656-432A-85B7-1386B01E0CC6} = {77932310-8656-432A-85B7-1386B01E0CC6}
		{6B2C3C87-5022-4CCA-B330-41743D0FE4B4} = {6B2C3C87-5022-4CCA-B330-41743D0FE4B4}
		{A460FCA4-282B-4466-B5AF-459AF20C513E} = {A460FCA4-282B-4466-B5AF-459AF20C513E}
		{8F6641E7-0E72-44BA-95CB-85D4E4F04108} = {8F6641E7-0E72-44BA-95CB-85D4E4F04108}
	EndProjectSection
EndProject
Project("{2150E333-8FDC-42A3-9474-1A3956D46DE8}") = "Audio", "Audio", "{4106AF94-4F00-4ACB-BFB2-F6F96D382580}"
EndProject
Project("{FAE04EC0-301F-11D3-BF4B-00C04F79EFBC}") = "Audio.Android", "src\Engine\Imp\AndroidAudio\Audio.Android.csproj", "{D35FFFE1-ED36-4B11-ACBE-497094136303}"
EndProject
Project("{2150E333-8FDC-42A3-9474-1A3956D46DE8}") = "Input", "Input", "{F75DC86A-69F7-4FE3-8B31-AFD1D19393BA}"
EndProject
Project("{FAE04EC0-301F-11D3-BF4B-00C04F79EFBC}") = "Input.Ouya", "src\Engine\Imp\Ouya\Input.Ouya\Input.Ouya.csproj", "{4D8D1342-B0C4-4F21-B0F0-F17E56EDC4AA}"
EndProject
Global
	GlobalSection(SolutionConfigurationPlatforms) = preSolution
		Debug|Any CPU = Debug|Any CPU
		Release|Any CPU = Release|Any CPU
	EndGlobalSection
	GlobalSection(ProjectConfigurationPlatforms) = postSolution
		{A460FCA4-282B-4466-B5AF-459AF20C513E}.Debug|Any CPU.ActiveCfg = Debug|Any CPU
		{A460FCA4-282B-4466-B5AF-459AF20C513E}.Debug|Any CPU.Build.0 = Debug|Any CPU
		{A460FCA4-282B-4466-B5AF-459AF20C513E}.Release|Any CPU.ActiveCfg = Release|Any CPU
		{A460FCA4-282B-4466-B5AF-459AF20C513E}.Release|Any CPU.Build.0 = Release|Any CPU
		{8F6641E7-0E72-44BA-95CB-85D4E4F04108}.Debug|Any CPU.ActiveCfg = Debug|Any CPU
		{8F6641E7-0E72-44BA-95CB-85D4E4F04108}.Debug|Any CPU.Build.0 = Debug|Any CPU
		{8F6641E7-0E72-44BA-95CB-85D4E4F04108}.Release|Any CPU.ActiveCfg = Release|Any CPU
		{8F6641E7-0E72-44BA-95CB-85D4E4F04108}.Release|Any CPU.Build.0 = Release|Any CPU
		{6B2C3C87-5022-4CCA-B330-41743D0FE4B4}.Debug|Any CPU.ActiveCfg = Debug|Any CPU
		{6B2C3C87-5022-4CCA-B330-41743D0FE4B4}.Debug|Any CPU.Build.0 = Debug|Any CPU
		{6B2C3C87-5022-4CCA-B330-41743D0FE4B4}.Release|Any CPU.ActiveCfg = Release|Any CPU
		{6B2C3C87-5022-4CCA-B330-41743D0FE4B4}.Release|Any CPU.Build.0 = Release|Any CPU
		{77932310-8656-432A-85B7-1386B01E0CC6}.Debug|Any CPU.ActiveCfg = Debug|Any CPU
		{77932310-8656-432A-85B7-1386B01E0CC6}.Debug|Any CPU.Build.0 = Debug|Any CPU
		{77932310-8656-432A-85B7-1386B01E0CC6}.Release|Any CPU.ActiveCfg = Release|Any CPU
		{77932310-8656-432A-85B7-1386B01E0CC6}.Release|Any CPU.Build.0 = Release|Any CPU
		{054D1A2C-FD66-482B-A103-6AFFE2A94D3E}.Debug|Any CPU.ActiveCfg = Debug|Any CPU
		{054D1A2C-FD66-482B-A103-6AFFE2A94D3E}.Debug|Any CPU.Build.0 = Debug|Any CPU
		{054D1A2C-FD66-482B-A103-6AFFE2A94D3E}.Debug|Any CPU.Deploy.0 = Debug|Any CPU
		{054D1A2C-FD66-482B-A103-6AFFE2A94D3E}.Release|Any CPU.ActiveCfg = Release|Any CPU
		{054D1A2C-FD66-482B-A103-6AFFE2A94D3E}.Release|Any CPU.Build.0 = Release|Any CPU
		{054D1A2C-FD66-482B-A103-6AFFE2A94D3E}.Release|Any CPU.Deploy.0 = Release|Any CPU
		{D35FFFE1-ED36-4B11-ACBE-497094136303}.Debug|Any CPU.ActiveCfg = Debug|Any CPU
		{D35FFFE1-ED36-4B11-ACBE-497094136303}.Debug|Any CPU.Build.0 = Debug|Any CPU
		{D35FFFE1-ED36-4B11-ACBE-497094136303}.Release|Any CPU.ActiveCfg = Release|Any CPU
		{D35FFFE1-ED36-4B11-ACBE-497094136303}.Release|Any CPU.Build.0 = Release|Any CPU
		{4D8D1342-B0C4-4F21-B0F0-F17E56EDC4AA}.Debug|Any CPU.ActiveCfg = Debug|Any CPU
		{4D8D1342-B0C4-4F21-B0F0-F17E56EDC4AA}.Debug|Any CPU.Build.0 = Debug|Any CPU
		{4D8D1342-B0C4-4F21-B0F0-F17E56EDC4AA}.Release|Any CPU.ActiveCfg = Release|Any CPU
		{4D8D1342-B0C4-4F21-B0F0-F17E56EDC4AA}.Release|Any CPU.Build.0 = Release|Any CPU
	EndGlobalSection
	GlobalSection(SolutionProperties) = preSolution
		HideSolutionNode = FALSE
	EndGlobalSection
	GlobalSection(NestedProjects) = preSolution
		{8F6641E7-0E72-44BA-95CB-85D4E4F04108} = {13B4265D-2AE3-4385-9E40-F1445B0CA97A}
		{953E6B22-B972-4D5E-92A7-4594A99D0456} = {0321D8D6-5483-4227-B22D-068326124F35}
		{4106AF94-4F00-4ACB-BFB2-F6F96D382580} = {0321D8D6-5483-4227-B22D-068326124F35}
		{F75DC86A-69F7-4FE3-8B31-AFD1D19393BA} = {0321D8D6-5483-4227-B22D-068326124F35}
		{77932310-8656-432A-85B7-1386B01E0CC6} = {953E6B22-B972-4D5E-92A7-4594A99D0456}
		{054D1A2C-FD66-482B-A103-6AFFE2A94D3E} = {377DCA60-1E34-4B72-963C-C26D73830CDB}
		{D35FFFE1-ED36-4B11-ACBE-497094136303} = {4106AF94-4F00-4ACB-BFB2-F6F96D382580}
		{4D8D1342-B0C4-4F21-B0F0-F17E56EDC4AA} = {F75DC86A-69F7-4FE3-8B31-AFD1D19393BA}
	EndGlobalSection
EndGlobal
